
Microsoft Visual Studio Solution File, Format Version 12.00
# Visual Studio Version 17
VisualStudioVersion = 17.0.32014.148
MinimumVisualStudioVersion = 10.0.40219.1
Project("{8BC9CEB8-8B4A-11D0-8D11-00A0C91BC942}") = "gfx", "src\gfx\gfx.vcxproj", "{EC666CBC-9C48-436E-8513-C6FB98F0947A}"
EndProject
Project("{8BC9CEB8-8B4A-11D0-8D11-00A0C91BC942}") = "eco", "src\eco\eco.vcxproj", "{2DC92E30-AD05-48D6-82E0-FD46CDD80272}"
EndProject
Project("{8BC9CEB8-8B4A-11D0-8D11-00A0C91BC942}") = "map", "src\map\map.vcxproj", "{0FC3AE8D-E676-491B-96B6-8E1E35B14D03}"
EndProject
Project("{8BC9CEB8-8B4A-11D0-8D11-00A0C91BC942}") = "ai", "src\ai\ai.vcxproj", "{AC66A42E-C8C1-45C3-87D8-B733DA81640F}"
EndProject
Project("{8BC9CEB8-8B4A-11D0-8D11-00A0C91BC942}") = "common", "src\common.vcxproj", "{20412191-44C9-4C80-B7C6-FC3177C98FC7}"
EndProject
Global
	GlobalSection(SolutionConfigurationPlatforms) = preSolution
		Debug|x64 = Debug|x64
		Debug|x86 = Debug|x86
		Release|x64 = Release|x64
		Release|x86 = Release|x86
	EndGlobalSection
	GlobalSection(ProjectConfigurationPlatforms) = postSolution
		{EC666CBC-9C48-436E-8513-C6FB98F0947A}.Debug|x64.ActiveCfg = Debug|x64
		{EC666CBC-9C48-436E-8513-C6FB98F0947A}.Debug|x64.Build.0 = Debug|x64
		{EC666CBC-9C48-436E-8513-C6FB98F0947A}.Debug|x86.ActiveCfg = Debug|Win32
		{EC666CBC-9C48-436E-8513-C6FB98F0947A}.Debug|x86.Build.0 = Debug|Win32
		{EC666CBC-9C48-436E-8513-C6FB98F0947A}.Release|x64.ActiveCfg = Release|x64
		{EC666CBC-9C48-436E-8513-C6FB98F0947A}.Release|x64.Build.0 = Release|x64
		{EC666CBC-9C48-436E-8513-C6FB98F0947A}.Release|x86.ActiveCfg = Release|Win32
		{EC666CBC-9C48-436E-8513-C6FB98F0947A}.Release|x86.Build.0 = Release|Win32
		{2DC92E30-AD05-48D6-82E0-FD46CDD80272}.Debug|x64.ActiveCfg = Debug|x64
		{2DC92E30-AD05-48D6-82E0-FD46CDD80272}.Debug|x64.Build.0 = Debug|x64
		{2DC92E30-AD05-48D6-82E0-FD46CDD80272}.Debug|x86.ActiveCfg = Debug|Win32
		{2DC92E30-AD05-48D6-82E0-FD46CDD80272}.Debug|x86.Build.0 = Debug|Win32
		{2DC92E30-AD05-48D6-82E0-FD46CDD80272}.Release|x64.ActiveCfg = Release|x64
		{2DC92E30-AD05-48D6-82E0-FD46CDD80272}.Release|x64.Build.0 = Release|x64
		{2DC92E30-AD05-48D6-82E0-FD46CDD80272}.Release|x86.ActiveCfg = Release|Win32
		{2DC92E30-AD05-48D6-82E0-FD46CDD80272}.Release|x86.Build.0 = Release|Win32
		{0FC3AE8D-E676-491B-96B6-8E1E35B14D03}.Debug|x64.ActiveCfg = Debug|x64
		{0FC3AE8D-E676-491B-96B6-8E1E35B14D03}.Debug|x64.Build.0 = Debug|x64
		{0FC3AE8D-E676-491B-96B6-8E1E35B14D03}.Debug|x86.ActiveCfg = Debug|Win32
		{0FC3AE8D-E676-491B-96B6-8E1E35B14D03}.Debug|x86.Build.0 = Debug|Win32
		{0FC3AE8D-E676-491B-96B6-8E1E35B14D03}.Release|x64.ActiveCfg = Release|x64
		{0FC3AE8D-E676-491B-96B6-8E1E35B14D03}.Release|x64.Build.0 = Release|x64
		{0FC3AE8D-E676-491B-96B6-8E1E35B14D03}.Release|x86.ActiveCfg = Release|Win32
		{0FC3AE8D-E676-491B-96B6-8E1E35B14D03}.Release|x86.Build.0 = Release|Win32
		{AC66A42E-C8C1-45C3-87D8-B733DA81640F}.Debug|x64.ActiveCfg = Debug|x64
		{AC66A42E-C8C1-45C3-87D8-B733DA81640F}.Debug|x64.Build.0 = Debug|x64
		{AC66A42E-C8C1-45C3-87D8-B733DA81640F}.Debug|x86.ActiveCfg = Debug|Win32
		{AC66A42E-C8C1-45C3-87D8-B733DA81640F}.Debug|x86.Build.0 = Debug|Win32
		{AC66A42E-C8C1-45C3-87D8-B733DA81640F}.Release|x64.ActiveCfg = Release|x64
		{AC66A42E-C8C1-45C3-87D8-B733DA81640F}.Release|x64.Build.0 = Release|x64
		{AC66A42E-C8C1-45C3-87D8-B733DA81640F}.Release|x86.ActiveCfg = Release|Win32
		{AC66A42E-C8C1-45C3-87D8-B733DA81640F}.Release|x86.Build.0 = Release|Win32
		{20412191-44C9-4C80-B7C6-FC3177C98FC7}.Debug|x64.ActiveCfg = Debug|x64
		{20412191-44C9-4C80-B7C6-FC3177C98FC7}.Debug|x64.Build.0 = Debug|x64
		{20412191-44C9-4C80-B7C6-FC3177C98FC7}.Debug|x86.ActiveCfg = Debug|Win32
		{20412191-44C9-4C80-B7C6-FC3177C98FC7}.Debug|x86.Build.0 = Debug|Win32
		{20412191-44C9-4C80-B7C6-FC3177C98FC7}.Release|x64.ActiveCfg = Release|x64
		{20412191-44C9-4C80-B7C6-FC3177C98FC7}.Release|x64.Build.0 = Release|x64
		{20412191-44C9-4C80-B7C6-FC3177C98FC7}.Release|x86.ActiveCfg = Release|Win32
		{20412191-44C9-4C80-B7C6-FC3177C98FC7}.Release|x86.Build.0 = Release|Win32
	EndGlobalSection
	GlobalSection(SolutionProperties) = preSolution
		HideSolutionNode = FALSE
	EndGlobalSection
	GlobalSection(ExtensibilityGlobals) = postSolution
		SolutionGuid = {6C608E93-0AB7-43C5-900E-94994B93BE1A}
	EndGlobalSection
EndGlobal
